
Microsoft Visual Studio Solution File, Format Version 11.00
# Visual Studio 2010
Project("{FAE04EC0-301F-11D3-BF4B-00C04F79EFBC}") = "VR-Game", "Assembly-CSharp.csproj", "{F58A8C27-1E47-D9B7-FB0A-935DFE17A41E}"
EndProject
Project("{FAE04EC0-301F-11D3-BF4B-00C04F79EFBC}") = "VR-Game", "Assembly-CSharp-firstpass.csproj", "{83B2A8E9-71DF-1751-16EC-D8DCE523912C}"
EndProject
Project("{FAE04EC0-301F-11D3-BF4B-00C04F79EFBC}") = "VR-Game", "Assembly-CSharp-Editor-firstpass.csproj", "{E4900B6E-4C80-B26B-B72B-1D17C5384336}"
EndProject
Global
	GlobalSection(SolutionConfigurationPlatforms) = preSolution
		Debug|Any CPU = Debug|Any CPU
		Release|Any CPU = Release|Any CPU
	EndGlobalSection
	GlobalSection(ProjectConfigurationPlatforms) = postSolution
		{F58A8C27-1E47-D9B7-FB0A-935DFE17A41E}.Debug|Any CPU.ActiveCfg = Debug|Any CPU
		{F58A8C27-1E47-D9B7-FB0A-935DFE17A41E}.Debug|Any CPU.Build.0 = Debug|Any CPU
		{F58A8C27-1E47-D9B7-FB0A-935DFE17A41E}.Release|Any CPU.ActiveCfg = Release|Any CPU
		{F58A8C27-1E47-D9B7-FB0A-935DFE17A41E}.Release|Any CPU.Build.0 = Release|Any CPU
		{83B2A8E9-71DF-1751-16EC-D8DCE523912C}.Debug|Any CPU.ActiveCfg = Debug|Any CPU
		{83B2A8E9-71DF-1751-16EC-D8DCE523912C}.Debug|Any CPU.Build.0 = Debug|Any CPU
		{83B2A8E9-71DF-1751-16EC-D8DCE523912C}.Release|Any CPU.ActiveCfg = Release|Any CPU
		{83B2A8E9-71DF-1751-16EC-D8DCE523912C}.Release|Any CPU.Build.0 = Release|Any CPU
		{E4900B6E-4C80-B26B-B72B-1D17C5384336}.Debug|Any CPU.ActiveCfg = Debug|Any CPU
		{E4900B6E-4C80-B26B-B72B-1D17C5384336}.Debug|Any CPU.Build.0 = Debug|Any CPU
		{E4900B6E-4C80-B26B-B72B-1D17C5384336}.Release|Any CPU.ActiveCfg = Release|Any CPU
		{E4900B6E-4C80-B26B-B72B-1D17C5384336}.Release|Any CPU.Build.0 = Release|Any CPU
	EndGlobalSection
	GlobalSection(SolutionProperties) = preSolution
		HideSolutionNode = FALSE
	EndGlobalSection
	GlobalSection(MonoDevelopProperties) = preSolution
		StartupItem = Assembly-CSharp.csproj
	EndGlobalSection
EndGlobal
